
Microsoft Visual Studio Solution File, Format Version 12.00
# Visual Studio Version 17
VisualStudioVersion = 17.1.32414.318
MinimumVisualStudioVersion = 10.0.40219.1
Project("{FAE04EC0-301F-11D3-BF4B-00C04F79EFBC}") = "Lab_05", "Lab_05.csproj", "{76BCED55-9D83-4169-B6E1-D808D729E8BB}"
EndProject
Global
	GlobalSection(SolutionConfigurationPlatforms) = preSolution
		Debug|Any CPU = Debug|Any CPU
		Release|Any CPU = Release|Any CPU
	EndGlobalSection
	GlobalSection(ProjectConfigurationPlatforms) = postSolution
		{76BCED55-9D83-4169-B6E1-D808D729E8BB}.Debug|Any CPU.ActiveCfg = Debug|Any CPU
		{76BCED55-9D83-4169-B6E1-D808D729E8BB}.Debug|Any CPU.Build.0 = Debug|Any CPU
		{76BCED55-9D83-4169-B6E1-D808D729E8BB}.Release|Any CPU.ActiveCfg = Release|Any CPU
		{76BCED55-9D83-4169-B6E1-D808D729E8BB}.Release|Any CPU.Build.0 = Release|Any CPU
	EndGlobalSection
	GlobalSection(SolutionProperties) = preSolution
		HideSolutionNode = FALSE
	EndGlobalSection
	GlobalSection(ExtensibilityGlobals) = postSolution
		SolutionGuid = {18F1E413-BEA7-4DD2-92D1-72F05CA482A3}
	EndGlobalSection
EndGlobal
